
Microsoft Visual Studio Solution File, Format Version 12.00
# Visual Studio 15
VisualStudioVersion = 15.0.28307.136
MinimumVisualStudioVersion = 10.0.40219.1
Project("{FAE04EC0-301F-11D3-BF4B-00C04F79EFBC}") = "DeploymentToolkit.Deployment", "DeploymentToolkit.Deployment\DeploymentToolkit.Deployment.csproj", "{0585AEA5-A376-469C-8B39-921D9CC087F9}"
EndProject
Project("{FAE04EC0-301F-11D3-BF4B-00C04F79EFBC}") = "DeploymentToolkit.Installer", "DeploymentToolkit.Installer\DeploymentToolkit.Installer.csproj", "{D823DFAD-3522-434B-B1A8-91232A1169E6}"
EndProject
Project("{FAE04EC0-301F-11D3-BF4B-00C04F79EFBC}") = "DeploymentToolkit.Installer.MSI", "DeploymentToolkit.Installer.MSI\DeploymentToolkit.Installer.MSI.csproj", "{6F6770F5-A209-4A26-A6FB-9CB5122F4108}"
EndProject
Project("{FAE04EC0-301F-11D3-BF4B-00C04F79EFBC}") = "DeploymentToolkit.TrayApp", "..\DeploymentToolkit.TrayApp\DeploymentToolkit.TrayApp.csproj", "{9586473D-9BB5-4AF1-B9E1-77B72D5874B8}"
EndProject
Project("{FAE04EC0-301F-11D3-BF4B-00C04F79EFBC}") = "DeploymentToolkit.Settings", "DeploymentToolkit.Settings\DeploymentToolkit.Settings.csproj", "{B33801AE-9ED8-4B65-B69D-B8D0365C9427}"
EndProject
Project("{FAE04EC0-301F-11D3-BF4B-00C04F79EFBC}") = "DeploymentToolkit.Modals", "DeploymentToolkit.Modals\DeploymentToolkit.Modals.csproj", "{EC3FEDB7-4FC0-4DCF-A08F-F1DE2DC49E00}"
EndProject
Project("{2150E333-8FDC-42A3-9474-1A3956D46DE8}") = "DeploymentToolkit", "DeploymentToolkit", "{672AD382-4F4E-442D-B0C8-F094751E2995}"
EndProject
Project("{2150E333-8FDC-42A3-9474-1A3956D46DE8}") = "Shared", "Shared", "{26E734FC-81B7-40B3-99E0-17A799AEEE77}"
EndProject
Project("{2150E333-8FDC-42A3-9474-1A3956D46DE8}") = "TrayApp", "TrayApp", "{F71CC262-D270-489F-9BA5-69ECA6B0B267}"
EndProject
Project("{2150E333-8FDC-42A3-9474-1A3956D46DE8}") = "Debugger", "Debugger", "{BDC9234B-D443-4880-96B2-E9897A2D6D52}"
EndProject
Project("{FAE04EC0-301F-11D3-BF4B-00C04F79EFBC}") = "DeploymentToolkit.Debugger", "..\DeploymentToolkit.Debugger\DeploymentToolkit.Debugger.csproj", "{EE27D0DC-F1B3-426F-86BD-C8146944F9C9}"
EndProject
Project("{FAE04EC0-301F-11D3-BF4B-00C04F79EFBC}") = "DeploymentToolkit.Logging", "..\DeploymentToolkit.Logging\DeploymentToolkit.Logging.csproj", "{8BCE8C64-7C10-498F-BEB2-8804B191AEA7}"
EndProject
Project("{FAE04EC0-301F-11D3-BF4B-00C04F79EFBC}") = "DeploymentToolkit.Messaging", "DeploymentToolkit.Messaging\DeploymentToolkit.Messaging.csproj", "{65AC59C5-F17A-4F96-97B2-B0ECB4304C3B}"
EndProject
Project("{FAE04EC0-301F-11D3-BF4B-00C04F79EFBC}") = "DeploymentToolkit.DTEnvironment", "DeploymentToolkit.Environment\DeploymentToolkit.DTEnvironment.csproj", "{94C074C7-CAE2-423E-84B7-80D5B74602BB}"
EndProject
Project("{2150E333-8FDC-42A3-9474-1A3956D46DE8}") = "Installer", "Installer", "{8D8ED2C1-89A7-4A94-92F7-15E780D946B9}"
EndProject
Global
	GlobalSection(SolutionConfigurationPlatforms) = preSolution
		Debug|Any CPU = Debug|Any CPU
		Release|Any CPU = Release|Any CPU
	EndGlobalSection
	GlobalSection(ProjectConfigurationPlatforms) = postSolution
		{0585AEA5-A376-469C-8B39-921D9CC087F9}.Debug|Any CPU.ActiveCfg = Debug|Any CPU
		{0585AEA5-A376-469C-8B39-921D9CC087F9}.Debug|Any CPU.Build.0 = Debug|Any CPU
		{0585AEA5-A376-469C-8B39-921D9CC087F9}.Release|Any CPU.ActiveCfg = Release|Any CPU
		{0585AEA5-A376-469C-8B39-921D9CC087F9}.Release|Any CPU.Build.0 = Release|Any CPU
		{D823DFAD-3522-434B-B1A8-91232A1169E6}.Debug|Any CPU.ActiveCfg = Debug|Any CPU
		{D823DFAD-3522-434B-B1A8-91232A1169E6}.Debug|Any CPU.Build.0 = Debug|Any CPU
		{D823DFAD-3522-434B-B1A8-91232A1169E6}.Release|Any CPU.ActiveCfg = Release|Any CPU
		{D823DFAD-3522-434B-B1A8-91232A1169E6}.Release|Any CPU.Build.0 = Release|Any CPU
		{6F6770F5-A209-4A26-A6FB-9CB5122F4108}.Debug|Any CPU.ActiveCfg = Debug|Any CPU
		{6F6770F5-A209-4A26-A6FB-9CB5122F4108}.Debug|Any CPU.Build.0 = Debug|Any CPU
		{6F6770F5-A209-4A26-A6FB-9CB5122F4108}.Release|Any CPU.ActiveCfg = Release|Any CPU
		{6F6770F5-A209-4A26-A6FB-9CB5122F4108}.Release|Any CPU.Build.0 = Release|Any CPU
		{9586473D-9BB5-4AF1-B9E1-77B72D5874B8}.Debug|Any CPU.ActiveCfg = Debug|Any CPU
		{9586473D-9BB5-4AF1-B9E1-77B72D5874B8}.Debug|Any CPU.Build.0 = Debug|Any CPU
		{9586473D-9BB5-4AF1-B9E1-77B72D5874B8}.Release|Any CPU.ActiveCfg = Release|Any CPU
		{9586473D-9BB5-4AF1-B9E1-77B72D5874B8}.Release|Any CPU.Build.0 = Release|Any CPU
		{B33801AE-9ED8-4B65-B69D-B8D0365C9427}.Debug|Any CPU.ActiveCfg = Debug|Any CPU
		{B33801AE-9ED8-4B65-B69D-B8D0365C9427}.Debug|Any CPU.Build.0 = Debug|Any CPU
		{B33801AE-9ED8-4B65-B69D-B8D0365C9427}.Release|Any CPU.ActiveCfg = Release|Any CPU
		{B33801AE-9ED8-4B65-B69D-B8D0365C9427}.Release|Any CPU.Build.0 = Release|Any CPU
		{EC3FEDB7-4FC0-4DCF-A08F-F1DE2DC49E00}.Debug|Any CPU.ActiveCfg = Debug|Any CPU
		{EC3FEDB7-4FC0-4DCF-A08F-F1DE2DC49E00}.Debug|Any CPU.Build.0 = Debug|Any CPU
		{EC3FEDB7-4FC0-4DCF-A08F-F1DE2DC49E00}.Release|Any CPU.ActiveCfg = Release|Any CPU
		{EC3FEDB7-4FC0-4DCF-A08F-F1DE2DC49E00}.Release|Any CPU.Build.0 = Release|Any CPU
		{EE27D0DC-F1B3-426F-86BD-C8146944F9C9}.Debug|Any CPU.ActiveCfg = Debug|Any CPU
		{EE27D0DC-F1B3-426F-86BD-C8146944F9C9}.Debug|Any CPU.Build.0 = Debug|Any CPU
		{EE27D0DC-F1B3-426F-86BD-C8146944F9C9}.Release|Any CPU.ActiveCfg = Release|Any CPU
		{EE27D0DC-F1B3-426F-86BD-C8146944F9C9}.Release|Any CPU.Build.0 = Release|Any CPU
		{8BCE8C64-7C10-498F-BEB2-8804B191AEA7}.Debug|Any CPU.ActiveCfg = Debug|Any CPU
		{8BCE8C64-7C10-498F-BEB2-8804B191AEA7}.Debug|Any CPU.Build.0 = Debug|Any CPU
		{8BCE8C64-7C10-498F-BEB2-8804B191AEA7}.Release|Any CPU.ActiveCfg = Release|Any CPU
		{8BCE8C64-7C10-498F-BEB2-8804B191AEA7}.Release|Any CPU.Build.0 = Release|Any CPU
		{65AC59C5-F17A-4F96-97B2-B0ECB4304C3B}.Debug|Any CPU.ActiveCfg = Debug|Any CPU
		{65AC59C5-F17A-4F96-97B2-B0ECB4304C3B}.Debug|Any CPU.Build.0 = Debug|Any CPU
		{65AC59C5-F17A-4F96-97B2-B0ECB4304C3B}.Release|Any CPU.ActiveCfg = Release|Any CPU
		{65AC59C5-F17A-4F96-97B2-B0ECB4304C3B}.Release|Any CPU.Build.0 = Release|Any CPU
		{94C074C7-CAE2-423E-84B7-80D5B74602BB}.Debug|Any CPU.ActiveCfg = Debug|Any CPU
		{94C074C7-CAE2-423E-84B7-80D5B74602BB}.Debug|Any CPU.Build.0 = Debug|Any CPU
		{94C074C7-CAE2-423E-84B7-80D5B74602BB}.Release|Any CPU.ActiveCfg = Release|Any CPU
		{94C074C7-CAE2-423E-84B7-80D5B74602BB}.Release|Any CPU.Build.0 = Release|Any CPU
	EndGlobalSection
	GlobalSection(SolutionProperties) = preSolution
		HideSolutionNode = FALSE
	EndGlobalSection
	GlobalSection(NestedProjects) = preSolution
		{0585AEA5-A376-469C-8B39-921D9CC087F9} = {672AD382-4F4E-442D-B0C8-F094751E2995}
		{D823DFAD-3522-434B-B1A8-91232A1169E6} = {8D8ED2C1-89A7-4A94-92F7-15E780D946B9}
		{6F6770F5-A209-4A26-A6FB-9CB5122F4108} = {8D8ED2C1-89A7-4A94-92F7-15E780D946B9}
		{9586473D-9BB5-4AF1-B9E1-77B72D5874B8} = {F71CC262-D270-489F-9BA5-69ECA6B0B267}
		{B33801AE-9ED8-4B65-B69D-B8D0365C9427} = {26E734FC-81B7-40B3-99E0-17A799AEEE77}
		{EC3FEDB7-4FC0-4DCF-A08F-F1DE2DC49E00} = {26E734FC-81B7-40B3-99E0-17A799AEEE77}
		{EE27D0DC-F1B3-426F-86BD-C8146944F9C9} = {BDC9234B-D443-4880-96B2-E9897A2D6D52}
		{8BCE8C64-7C10-498F-BEB2-8804B191AEA7} = {26E734FC-81B7-40B3-99E0-17A799AEEE77}
		{65AC59C5-F17A-4F96-97B2-B0ECB4304C3B} = {26E734FC-81B7-40B3-99E0-17A799AEEE77}
		{94C074C7-CAE2-423E-84B7-80D5B74602BB} = {26E734FC-81B7-40B3-99E0-17A799AEEE77}
		{8D8ED2C1-89A7-4A94-92F7-15E780D946B9} = {672AD382-4F4E-442D-B0C8-F094751E2995}
	EndGlobalSection
	GlobalSection(ExtensibilityGlobals) = postSolution
		SolutionGuid = {7CF45D1D-C7D1-4A80-8540-720E7D4182AA}
	EndGlobalSection
EndGlobal
